// !$*UTF8*$!
{
	archiveVersion = 1;
	classes = {
	};
	objectVersion = 77;
	objects = {

/* Begin PBXBuildFile section */
		280F35002CB9BF4300D60130 /* Sparkle in Frameworks */ = {isa = PBXBuildFile; productRef = 280F34FF2CB9BF4300D60130 /* Sparkle */; };
		2842875E2CD0B6A5000C6C67 /* HighlightSwift in Frameworks */ = {isa = PBXBuildFile; productRef = 2842875D2CD0B6A5000C6C67 /* HighlightSwift */; };
		28F57E222CAC84AA006AAA8C /* KeyboardShortcuts in Frameworks */ = {isa = PBXBuildFile; productRef = 28F57E212CAC84AA006AAA8C /* KeyboardShortcuts */; };
		28F57E292CAC9262006AAA8C /* MenuBarExtraAccess in Frameworks */ = {isa = PBXBuildFile; productRef = 28F57E282CAC9262006AAA8C /* MenuBarExtraAccess */; };
		862BC3C82D50D0D100806B58 /* EventSource in Frameworks */ = {isa = PBXBuildFile; productRef = 862BC3C72D50D0D100806B58 /* EventSource */; };
		863817352D3FB5F700919BC7 /* PostHog in Frameworks */ = {isa = PBXBuildFile; productRef = 863817342D3FB5F700919BC7 /* PostHog */; };
		867A647A2D4AD73A00FD4D80 /* Defaults in Frameworks */ = {isa = PBXBuildFile; productRef = 867A64792D4AD73A00FD4D80 /* Defaults */; };
		867A647C2D4AD73A00FD4D80 /* DefaultsMacros in Frameworks */ = {isa = PBXBuildFile; productRef = 867A647B2D4AD73A00FD4D80 /* DefaultsMacros */; };
		86A974C12D4A76F800CF6FCE /* Markdown in Frameworks */ = {isa = PBXBuildFile; productRef = 86A974C02D4A76F800CF6FCE /* Markdown */; };
		86D2426C2D8C150500A9831E /* LLMStream in Frameworks */ = {isa = PBXBuildFile; productRef = 86D2426B2D8C150500A9831E /* LLMStream */; };
		86F908912D7AF491008D8027 /* Highlightr in Frameworks */ = {isa = PBXBuildFile; productRef = 86F908902D7AF491008D8027 /* Highlightr */; };
		A782C1982D383493009976F8 /* FirebaseCrashlytics in Frameworks */ = {isa = PBXBuildFile; productRef = A782C1972D383493009976F8 /* FirebaseCrashlytics */; };
/* End PBXBuildFile section */

/* Begin PBXFileReference section */
		2883E4B32CA5ECBB00F79A48 /* Onit.app */ = {isa = PBXFileReference; explicitFileType = wrapper.application; includeInIndex = 0; path = Onit.app; sourceTree = BUILT_PRODUCTS_DIR; };
/* End PBXFileReference section */

/* Begin PBXFileSystemSynchronizedBuildFileExceptionSet section */
		28F57E1D2CAC7913006AAA8C /* Exceptions for "Onit" folder in "Onit" target */ = {
			isa = PBXFileSystemSynchronizedBuildFileExceptionSet;
			membershipExceptions = (
				Info.plist,
			);
			target = 2883E4B22CA5ECBB00F79A48 /* Onit */;
		};
/* End PBXFileSystemSynchronizedBuildFileExceptionSet section */

/* Begin PBXFileSystemSynchronizedRootGroup section */
		2883E4B52CA5ECBB00F79A48 /* Onit */ = {
			isa = PBXFileSystemSynchronizedRootGroup;
			exceptions = (
				28F57E1D2CAC7913006AAA8C /* Exceptions for "Onit" folder in "Onit" target */,
			);
			path = Onit;
			sourceTree = "<group>";
		};
/* End PBXFileSystemSynchronizedRootGroup section */

/* Begin PBXFrameworksBuildPhase section */
		2883E4B02CA5ECBB00F79A48 /* Frameworks */ = {
			isa = PBXFrameworksBuildPhase;
			buildActionMask = 2147483647;
			files = (
				280F35002CB9BF4300D60130 /* Sparkle in Frameworks */,
				28F57E292CAC9262006AAA8C /* MenuBarExtraAccess in Frameworks */,
				86A974C12D4A76F800CF6FCE /* Markdown in Frameworks */,
				863817352D3FB5F700919BC7 /* PostHog in Frameworks */,
				86F908912D7AF491008D8027 /* Highlightr in Frameworks */,
				867A647A2D4AD73A00FD4D80 /* Defaults in Frameworks */,
				A782C1982D383493009976F8 /* FirebaseCrashlytics in Frameworks */,
				2842875E2CD0B6A5000C6C67 /* HighlightSwift in Frameworks */,
				28F57E222CAC84AA006AAA8C /* KeyboardShortcuts in Frameworks */,
				867A647C2D4AD73A00FD4D80 /* DefaultsMacros in Frameworks */,
				86D2426C2D8C150500A9831E /* LLMStream in Frameworks */,
				862BC3C82D50D0D100806B58 /* EventSource in Frameworks */,
			);
			runOnlyForDeploymentPostprocessing = 0;
		};
/* End PBXFrameworksBuildPhase section */

/* Begin PBXGroup section */
		2883E4AA2CA5ECBB00F79A48 = {
			isa = PBXGroup;
			children = (
				2883E4B52CA5ECBB00F79A48 /* Onit */,
				2883E4B42CA5ECBB00F79A48 /* Products */,
			);
			sourceTree = "<group>";
		};
		2883E4B42CA5ECBB00F79A48 /* Products */ = {
			isa = PBXGroup;
			children = (
				2883E4B32CA5ECBB00F79A48 /* Onit.app */,
			);
			name = Products;
			sourceTree = "<group>";
		};
/* End PBXGroup section */

/* Begin PBXNativeTarget section */
		2883E4B22CA5ECBB00F79A48 /* Onit */ = {
			isa = PBXNativeTarget;
			buildConfigurationList = 2883E4C22CA5ECBC00F79A48 /* Build configuration list for PBXNativeTarget "Onit" */;
			buildPhases = (
				2883E4AF2CA5ECBB00F79A48 /* Sources */,
				2883E4B02CA5ECBB00F79A48 /* Frameworks */,
				2883E4B12CA5ECBB00F79A48 /* Resources */,
				A782C1992D3836ED009976F8 /* ShellScript */,
			);
			buildRules = (
			);
			dependencies = (
			);
			fileSystemSynchronizedGroups = (
				2883E4B52CA5ECBB00F79A48 /* Onit */,
			);
			name = Onit;
			packageProductDependencies = (
				28F57E212CAC84AA006AAA8C /* KeyboardShortcuts */,
				28F57E282CAC9262006AAA8C /* MenuBarExtraAccess */,
				280F34FF2CB9BF4300D60130 /* Sparkle */,
				2842875D2CD0B6A5000C6C67 /* HighlightSwift */,
				A782C1972D383493009976F8 /* FirebaseCrashlytics */,
				863817342D3FB5F700919BC7 /* PostHog */,
				86A974C02D4A76F800CF6FCE /* Markdown */,
				862BC3C72D50D0D100806B58 /* EventSource */,
				867A64792D4AD73A00FD4D80 /* Defaults */,
				867A647B2D4AD73A00FD4D80 /* DefaultsMacros */,
				86F908902D7AF491008D8027 /* Highlightr */,
				86D2426B2D8C150500A9831E /* LLMStream */,
			);
			productName = Onit;
			productReference = 2883E4B32CA5ECBB00F79A48 /* Onit.app */;
			productType = "com.apple.product-type.application";
		};
/* End PBXNativeTarget section */

/* Begin PBXProject section */
		2883E4AB2CA5ECBB00F79A48 /* Project object */ = {
			isa = PBXProject;
			attributes = {
				BuildIndependentTargetsInParallel = 1;
				LastSwiftUpdateCheck = 1600;
				LastUpgradeCheck = 1620;
				TargetAttributes = {
					2883E4B22CA5ECBB00F79A48 = {
						CreatedOnToolsVersion = 16.0;
					};
				};
			};
			buildConfigurationList = 2883E4AE2CA5ECBB00F79A48 /* Build configuration list for PBXProject "Onit" */;
			developmentRegion = en;
			hasScannedForEncodings = 0;
			knownRegions = (
				en,
				Base,
			);
			mainGroup = 2883E4AA2CA5ECBB00F79A48;
			minimizedProjectReferenceProxies = 1;
			packageReferences = (
				28F57E202CAC84AA006AAA8C /* XCRemoteSwiftPackageReference "KeyboardShortcuts" */,
				28F57E272CAC9262006AAA8C /* XCRemoteSwiftPackageReference "MenuBarExtraAccess" */,
				280F34FE2CB9BF4300D60130 /* XCRemoteSwiftPackageReference "Sparkle" */,
				2842875C2CD0B6A5000C6C67 /* XCRemoteSwiftPackageReference "HighlightSwift" */,
				A782C1962D383493009976F8 /* XCRemoteSwiftPackageReference "firebase-ios-sdk" */,
				863817332D3FB5F700919BC7 /* XCRemoteSwiftPackageReference "posthog-ios" */,
				86A974BF2D4A76F800CF6FCE /* XCRemoteSwiftPackageReference "swift-markdown" */,
				862BC3C62D50D0D100806B58 /* XCRemoteSwiftPackageReference "EventSource" */,
				867A64782D4AD73A00FD4D80 /* XCRemoteSwiftPackageReference "Defaults" */,
				86F9088F2D7AF491008D8027 /* XCRemoteSwiftPackageReference "Highlightr" */,
				86D2426A2D8C150500A9831E /* XCRemoteSwiftPackageReference "LLMStream" */,
			);
			preferredProjectObjectVersion = 77;
			productRefGroup = 2883E4B42CA5ECBB00F79A48 /* Products */;
			projectDirPath = "";
			projectRoot = "";
			targets = (
				2883E4B22CA5ECBB00F79A48 /* Onit */,
			);
		};
/* End PBXProject section */

/* Begin PBXResourcesBuildPhase section */
		2883E4B12CA5ECBB00F79A48 /* Resources */ = {
			isa = PBXResourcesBuildPhase;
			buildActionMask = 2147483647;
			files = (
			);
			runOnlyForDeploymentPostprocessing = 0;
		};
/* End PBXResourcesBuildPhase section */

/* Begin PBXShellScriptBuildPhase section */
		A782C1992D3836ED009976F8 /* ShellScript */ = {
			isa = PBXShellScriptBuildPhase;
			buildActionMask = 2147483647;
			files = (
			);
			inputFileListPaths = (
			);
			inputPaths = (
				"${DWARF_DSYM_FOLDER_PATH}/${DWARF_DSYM_FILE_NAME}",
				"${DWARF_DSYM_FOLDER_PATH}/${DWARF_DSYM_FILE_NAME}/Contents/Resources/DWARF/${PRODUCT_NAME}",
				"${DWARF_DSYM_FOLDER_PATH}/${DWARF_DSYM_FILE_NAME}/Contents/Info.plist",
				"$(TARGET_BUILD_DIR)/$(UNLOCALIZED_RESOURCES_FOLDER_PATH)/GoogleService-Info.plist",
				"$(TARGET_BUILD_DIR)/$(EXECUTABLE_PATH)",
				"${DWARF_DSYM_FOLDER_PATH}/${DWARF_DSYM_FILE_NAME}/Contents/Resources/DWARF/${PRODUCT_NAME}.debug.dylib",
			);
			outputFileListPaths = (
			);
			outputPaths = (
			);
			runOnlyForDeploymentPostprocessing = 0;
			shellPath = /bin/sh;
			shellScript = "# Type a script or drag a script file from your workspace to insert its path.\n\"${BUILD_DIR%/Build/*}/SourcePackages/checkouts/firebase-ios-sdk/Crashlytics/run\"\n";
		};
/* End PBXShellScriptBuildPhase section */

/* Begin PBXSourcesBuildPhase section */
		2883E4AF2CA5ECBB00F79A48 /* Sources */ = {
			isa = PBXSourcesBuildPhase;
			buildActionMask = 2147483647;
			files = (
			);
			runOnlyForDeploymentPostprocessing = 0;
		};
/* End PBXSourcesBuildPhase section */

/* Begin XCBuildConfiguration section */
		2883E4C02CA5ECBC00F79A48 /* Debug */ = {
			isa = XCBuildConfiguration;
			buildSettings = {
				ALWAYS_SEARCH_USER_PATHS = NO;
				ASSETCATALOG_COMPILER_GENERATE_SWIFT_ASSET_SYMBOL_EXTENSIONS = YES;
				CLANG_ANALYZER_NONNULL = YES;
				CLANG_ANALYZER_NUMBER_OBJECT_CONVERSION = YES_AGGRESSIVE;
				CLANG_CXX_LANGUAGE_STANDARD = "gnu++20";
				CLANG_ENABLE_MODULES = YES;
				CLANG_ENABLE_OBJC_ARC = YES;
				CLANG_ENABLE_OBJC_WEAK = YES;
				CLANG_WARN_BLOCK_CAPTURE_AUTORELEASING = YES;
				CLANG_WARN_BOOL_CONVERSION = YES;
				CLANG_WARN_COMMA = YES;
				CLANG_WARN_CONSTANT_CONVERSION = YES;
				CLANG_WARN_DEPRECATED_OBJC_IMPLEMENTATIONS = YES;
				CLANG_WARN_DIRECT_OBJC_ISA_USAGE = YES_ERROR;
				CLANG_WARN_DOCUMENTATION_COMMENTS = YES;
				CLANG_WARN_EMPTY_BODY = YES;
				CLANG_WARN_ENUM_CONVERSION = YES;
				CLANG_WARN_INFINITE_RECURSION = YES;
				CLANG_WARN_INT_CONVERSION = YES;
				CLANG_WARN_NON_LITERAL_NULL_CONVERSION = YES;
				CLANG_WARN_OBJC_IMPLICIT_RETAIN_SELF = YES;
				CLANG_WARN_OBJC_LITERAL_CONVERSION = YES;
				CLANG_WARN_OBJC_ROOT_CLASS = YES_ERROR;
				CLANG_WARN_QUOTED_INCLUDE_IN_FRAMEWORK_HEADER = YES;
				CLANG_WARN_RANGE_LOOP_ANALYSIS = YES;
				CLANG_WARN_STRICT_PROTOTYPES = YES;
				CLANG_WARN_SUSPICIOUS_MOVE = YES;
				CLANG_WARN_UNGUARDED_AVAILABILITY = YES_AGGRESSIVE;
				CLANG_WARN_UNREACHABLE_CODE = YES;
				CLANG_WARN__DUPLICATE_METHOD_MATCH = YES;
				COPY_PHASE_STRIP = NO;
				DEAD_CODE_STRIPPING = YES;
				DEBUG_INFORMATION_FORMAT = dwarf;
				ENABLE_STRICT_OBJC_MSGSEND = YES;
				ENABLE_TESTABILITY = YES;
				ENABLE_USER_SCRIPT_SANDBOXING = YES;
				GCC_C_LANGUAGE_STANDARD = gnu17;
				GCC_DYNAMIC_NO_PIC = NO;
				GCC_NO_COMMON_BLOCKS = YES;
				GCC_OPTIMIZATION_LEVEL = 0;
				GCC_PREPROCESSOR_DEFINITIONS = (
					"DEBUG=1",
					"$(inherited)",
				);
				GCC_WARN_64_TO_32_BIT_CONVERSION = YES;
				GCC_WARN_ABOUT_RETURN_TYPE = YES_ERROR;
				GCC_WARN_UNDECLARED_SELECTOR = YES;
				GCC_WARN_UNINITIALIZED_AUTOS = YES_AGGRESSIVE;
				GCC_WARN_UNUSED_FUNCTION = YES;
				GCC_WARN_UNUSED_VARIABLE = YES;
				LOCALIZATION_PREFERS_STRING_CATALOGS = YES;
				MACOSX_DEPLOYMENT_TARGET = 15.0;
				MTL_ENABLE_DEBUG_INFO = INCLUDE_SOURCE;
				MTL_FAST_MATH = YES;
				ONLY_ACTIVE_ARCH = YES;
				SDKROOT = macosx;
				SWIFT_ACTIVE_COMPILATION_CONDITIONS = "DEBUG $(inherited)";
				SWIFT_OPTIMIZATION_LEVEL = "-Onone";
			};
			name = Debug;
		};
		2883E4C12CA5ECBC00F79A48 /* Release */ = {
			isa = XCBuildConfiguration;
			buildSettings = {
				ALWAYS_SEARCH_USER_PATHS = NO;
				ASSETCATALOG_COMPILER_GENERATE_SWIFT_ASSET_SYMBOL_EXTENSIONS = YES;
				CLANG_ANALYZER_NONNULL = YES;
				CLANG_ANALYZER_NUMBER_OBJECT_CONVERSION = YES_AGGRESSIVE;
				CLANG_CXX_LANGUAGE_STANDARD = "gnu++20";
				CLANG_ENABLE_MODULES = YES;
				CLANG_ENABLE_OBJC_ARC = YES;
				CLANG_ENABLE_OBJC_WEAK = YES;
				CLANG_WARN_BLOCK_CAPTURE_AUTORELEASING = YES;
				CLANG_WARN_BOOL_CONVERSION = YES;
				CLANG_WARN_COMMA = YES;
				CLANG_WARN_CONSTANT_CONVERSION = YES;
				CLANG_WARN_DEPRECATED_OBJC_IMPLEMENTATIONS = YES;
				CLANG_WARN_DIRECT_OBJC_ISA_USAGE = YES_ERROR;
				CLANG_WARN_DOCUMENTATION_COMMENTS = YES;
				CLANG_WARN_EMPTY_BODY = YES;
				CLANG_WARN_ENUM_CONVERSION = YES;
				CLANG_WARN_INFINITE_RECURSION = YES;
				CLANG_WARN_INT_CONVERSION = YES;
				CLANG_WARN_NON_LITERAL_NULL_CONVERSION = YES;
				CLANG_WARN_OBJC_IMPLICIT_RETAIN_SELF = YES;
				CLANG_WARN_OBJC_LITERAL_CONVERSION = YES;
				CLANG_WARN_OBJC_ROOT_CLASS = YES_ERROR;
				CLANG_WARN_QUOTED_INCLUDE_IN_FRAMEWORK_HEADER = YES;
				CLANG_WARN_RANGE_LOOP_ANALYSIS = YES;
				CLANG_WARN_STRICT_PROTOTYPES = YES;
				CLANG_WARN_SUSPICIOUS_MOVE = YES;
				CLANG_WARN_UNGUARDED_AVAILABILITY = YES_AGGRESSIVE;
				CLANG_WARN_UNREACHABLE_CODE = YES;
				CLANG_WARN__DUPLICATE_METHOD_MATCH = YES;
				COPY_PHASE_STRIP = NO;
				DEAD_CODE_STRIPPING = YES;
				DEBUG_INFORMATION_FORMAT = "dwarf-with-dsym";
				ENABLE_NS_ASSERTIONS = NO;
				ENABLE_STRICT_OBJC_MSGSEND = YES;
				ENABLE_USER_SCRIPT_SANDBOXING = YES;
				GCC_C_LANGUAGE_STANDARD = gnu17;
				GCC_NO_COMMON_BLOCKS = YES;
				GCC_WARN_64_TO_32_BIT_CONVERSION = YES;
				GCC_WARN_ABOUT_RETURN_TYPE = YES_ERROR;
				GCC_WARN_UNDECLARED_SELECTOR = YES;
				GCC_WARN_UNINITIALIZED_AUTOS = YES_AGGRESSIVE;
				GCC_WARN_UNUSED_FUNCTION = YES;
				GCC_WARN_UNUSED_VARIABLE = YES;
				LOCALIZATION_PREFERS_STRING_CATALOGS = YES;
				MACOSX_DEPLOYMENT_TARGET = 15.0;
				MTL_ENABLE_DEBUG_INFO = NO;
				MTL_FAST_MATH = YES;
				SDKROOT = macosx;
				SWIFT_COMPILATION_MODE = wholemodule;
			};
			name = Release;
		};
		2883E4C32CA5ECBC00F79A48 /* Debug */ = {
			isa = XCBuildConfiguration;
			buildSettings = {
				ASSETCATALOG_COMPILER_APPICON_NAME = AppIcon;
				ASSETCATALOG_COMPILER_GLOBAL_ACCENT_COLOR_NAME = AccentColor;
				CODE_SIGN_ENTITLEMENTS = Onit/Onit.entitlements;
				CODE_SIGN_IDENTITY = "Apple Development";
				"CODE_SIGN_IDENTITY[sdk=macosx*]" = "Apple Development";
				CODE_SIGN_STYLE = Automatic;
				COMBINE_HIDPI_IMAGES = YES;
				CURRENT_PROJECT_VERSION = 31;
				DEAD_CODE_STRIPPING = YES;
				DEBUG_INFORMATION_FORMAT = "dwarf-with-dsym";
				DEVELOPMENT_ASSET_PATHS = "\"Onit/Preview Content\"";
				DEVELOPMENT_TEAM = TYC9PKBMB6;
				ENABLE_HARDENED_RUNTIME = YES;
				ENABLE_PREVIEWS = YES;
				GENERATE_INFOPLIST_FILE = NO;
				INFOPLIST_FILE = ./Onit/Info.plist;
				INFOPLIST_KEY_CFBundleDisplayName = onit;
				INFOPLIST_KEY_NSHumanReadableCopyright = "";
				LD_RUNPATH_SEARCH_PATHS = (
					"$(inherited)",
					"@executable_path/../Frameworks",
				);
				MACOSX_DEPLOYMENT_TARGET = 14.0;
				MARKETING_VERSION = 1.2;
				OTHER_LDFLAGS = "-ObjC";
				PRODUCT_BUNDLE_IDENTIFIER = inc.synth.Onit.dev;
				PRODUCT_NAME = "$(TARGET_NAME)";
				PROVISIONING_PROFILE_SPECIFIER = "";
				SWIFT_EMIT_LOC_STRINGS = YES;
				SWIFT_STRICT_CONCURRENCY = complete;
				SWIFT_VERSION = 6.0;
			};
			name = Debug;
		};
		2883E4C42CA5ECBC00F79A48 /* Release */ = {
			isa = XCBuildConfiguration;
			buildSettings = {
				ASSETCATALOG_COMPILER_APPICON_NAME = AppIcon;
				ASSETCATALOG_COMPILER_GLOBAL_ACCENT_COLOR_NAME = AccentColor;
				CODE_SIGN_ENTITLEMENTS = Onit/Onit.entitlements;
				CODE_SIGN_IDENTITY = "Apple Development";
				"CODE_SIGN_IDENTITY[sdk=macosx*]" = "Apple Development";
				CODE_SIGN_STYLE = Automatic;
				COMBINE_HIDPI_IMAGES = YES;
				CURRENT_PROJECT_VERSION = 31;
				DEAD_CODE_STRIPPING = YES;
				DEVELOPMENT_ASSET_PATHS = "\"Onit/Preview Content\"";
				DEVELOPMENT_TEAM = TYC9PKBMB6;
				ENABLE_HARDENED_RUNTIME = YES;
				ENABLE_PREVIEWS = YES;
				GENERATE_INFOPLIST_FILE = NO;
				INFOPLIST_FILE = ./Onit/Info.plist;
				INFOPLIST_KEY_CFBundleDisplayName = onit;
				INFOPLIST_KEY_NSHumanReadableCopyright = "";
				LD_RUNPATH_SEARCH_PATHS = (
					"$(inherited)",
					"@executable_path/../Frameworks",
				);
				MACOSX_DEPLOYMENT_TARGET = 14.0;
				MARKETING_VERSION = 1.2;
				OTHER_LDFLAGS = "-ObjC";
				PRODUCT_BUNDLE_IDENTIFIER = inc.synth.Onit;
				PRODUCT_NAME = "$(TARGET_NAME)";
				PROVISIONING_PROFILE_SPECIFIER = "";
				SWIFT_EMIT_LOC_STRINGS = YES;
				SWIFT_STRICT_CONCURRENCY = complete;
				SWIFT_VERSION = 6.0;
			};
			name = Release;
		};
/* End XCBuildConfiguration section */

/* Begin XCConfigurationList section */
		2883E4AE2CA5ECBB00F79A48 /* Build configuration list for PBXProject "Onit" */ = {
			isa = XCConfigurationList;
			buildConfigurations = (
				2883E4C02CA5ECBC00F79A48 /* Debug */,
				2883E4C12CA5ECBC00F79A48 /* Release */,
			);
			defaultConfigurationIsVisible = 0;
			defaultConfigurationName = Release;
		};
		2883E4C22CA5ECBC00F79A48 /* Build configuration list for PBXNativeTarget "Onit" */ = {
			isa = XCConfigurationList;
			buildConfigurations = (
				2883E4C32CA5ECBC00F79A48 /* Debug */,
				2883E4C42CA5ECBC00F79A48 /* Release */,
			);
			defaultConfigurationIsVisible = 0;
			defaultConfigurationName = Release;
		};
/* End XCConfigurationList section */

/* Begin XCRemoteSwiftPackageReference section */
		280F34FE2CB9BF4300D60130 /* XCRemoteSwiftPackageReference "Sparkle" */ = {
			isa = XCRemoteSwiftPackageReference;
			repositoryURL = "https://github.com/sparkle-project/Sparkle";
			requirement = {
				kind = upToNextMajorVersion;
				minimumVersion = 2.6.4;
			};
		};
		2842875C2CD0B6A5000C6C67 /* XCRemoteSwiftPackageReference "HighlightSwift" */ = {
			isa = XCRemoteSwiftPackageReference;
			repositoryURL = "https://github.com/blsage/HighlightSwift";
			requirement = {
				branch = main;
				kind = branch;
			};
		};
		28F57E202CAC84AA006AAA8C /* XCRemoteSwiftPackageReference "KeyboardShortcuts" */ = {
			isa = XCRemoteSwiftPackageReference;
			repositoryURL = "https://github.com/sindresorhus/KeyboardShortcuts";
			requirement = {
				kind = upToNextMajorVersion;
				minimumVersion = 2.1.0;
			};
		};
		28F57E272CAC9262006AAA8C /* XCRemoteSwiftPackageReference "MenuBarExtraAccess" */ = {
			isa = XCRemoteSwiftPackageReference;
			repositoryURL = "https://github.com/orchetect/MenuBarExtraAccess";
			requirement = {
				kind = upToNextMajorVersion;
				minimumVersion = 1.0.5;
			};
		};
		862BC3C62D50D0D100806B58 /* XCRemoteSwiftPackageReference "EventSource" */ = {
			isa = XCRemoteSwiftPackageReference;
			repositoryURL = "https://github.com/Recouse/EventSource";
			requirement = {
				kind = upToNextMajorVersion;
				minimumVersion = 0.1.3;
			};
		};
		863817332D3FB5F700919BC7 /* XCRemoteSwiftPackageReference "posthog-ios" */ = {
			isa = XCRemoteSwiftPackageReference;
			repositoryURL = "https://github.com/PostHog/posthog-ios.git";
			requirement = {
				kind = upToNextMajorVersion;
				minimumVersion = 3.19.1;
			};
		};
		867A64782D4AD73A00FD4D80 /* XCRemoteSwiftPackageReference "Defaults" */ = {
			isa = XCRemoteSwiftPackageReference;
			repositoryURL = "https://github.com/sindresorhus/Defaults";
			requirement = {
				kind = upToNextMajorVersion;
				minimumVersion = 9.0.1;
			};
		};
		86A974BF2D4A76F800CF6FCE /* XCRemoteSwiftPackageReference "swift-markdown" */ = {
			isa = XCRemoteSwiftPackageReference;
			repositoryURL = "https://github.com/apple/swift-markdown.git";
			requirement = {
				kind = upToNextMajorVersion;
				minimumVersion = 0.5.0;
			};
		};
		86D2426A2D8C150500A9831E /* XCRemoteSwiftPackageReference "LLMStream" */ = {
			isa = XCRemoteSwiftPackageReference;
			repositoryURL = "https://github.com/synth-inc/LLMStream";
			requirement = {
				branch = main;
				kind = branch;
			};
		};
		86F9088F2D7AF491008D8027 /* XCRemoteSwiftPackageReference "Highlightr" */ = {
			isa = XCRemoteSwiftPackageReference;
			repositoryURL = "https://github.com/raspu/Highlightr";
			requirement = {
				kind = upToNextMajorVersion;
				minimumVersion = 2.2.1;
			};
		};
		A782C1962D383493009976F8 /* XCRemoteSwiftPackageReference "firebase-ios-sdk" */ = {
			isa = XCRemoteSwiftPackageReference;
			repositoryURL = "https://github.com/firebase/firebase-ios-sdk";
			requirement = {
				kind = upToNextMajorVersion;
				minimumVersion = 11.7.0;
			};
		};
/* End XCRemoteSwiftPackageReference section */

/* Begin XCSwiftPackageProductDependency section */
		280F34FF2CB9BF4300D60130 /* Sparkle */ = {
			isa = XCSwiftPackageProductDependency;
			package = 280F34FE2CB9BF4300D60130 /* XCRemoteSwiftPackageReference "Sparkle" */;
			productName = Sparkle;
		};
		2842875D2CD0B6A5000C6C67 /* HighlightSwift */ = {
			isa = XCSwiftPackageProductDependency;
			package = 2842875C2CD0B6A5000C6C67 /* XCRemoteSwiftPackageReference "HighlightSwift" */;
			productName = HighlightSwift;
		};
		28F57E212CAC84AA006AAA8C /* KeyboardShortcuts */ = {
			isa = XCSwiftPackageProductDependency;
			package = 28F57E202CAC84AA006AAA8C /* XCRemoteSwiftPackageReference "KeyboardShortcuts" */;
			productName = KeyboardShortcuts;
		};
		28F57E282CAC9262006AAA8C /* MenuBarExtraAccess */ = {
			isa = XCSwiftPackageProductDependency;
			package = 28F57E272CAC9262006AAA8C /* XCRemoteSwiftPackageReference "MenuBarExtraAccess" */;
			productName = MenuBarExtraAccess;
		};
		862BC3C72D50D0D100806B58 /* EventSource */ = {
			isa = XCSwiftPackageProductDependency;
			package = 862BC3C62D50D0D100806B58 /* XCRemoteSwiftPackageReference "EventSource" */;
			productName = EventSource;
		};
		863817342D3FB5F700919BC7 /* PostHog */ = {
			isa = XCSwiftPackageProductDependency;
			package = 863817332D3FB5F700919BC7 /* XCRemoteSwiftPackageReference "posthog-ios" */;
			productName = PostHog;
		};
		867A64792D4AD73A00FD4D80 /* Defaults */ = {
			isa = XCSwiftPackageProductDependency;
			package = 867A64782D4AD73A00FD4D80 /* XCRemoteSwiftPackageReference "Defaults" */;
			productName = Defaults;
		};
		867A647B2D4AD73A00FD4D80 /* DefaultsMacros */ = {
			isa = XCSwiftPackageProductDependency;
			package = 867A64782D4AD73A00FD4D80 /* XCRemoteSwiftPackageReference "Defaults" */;
			productName = DefaultsMacros;
		};
		86A974C02D4A76F800CF6FCE /* Markdown */ = {
			isa = XCSwiftPackageProductDependency;
			package = 86A974BF2D4A76F800CF6FCE /* XCRemoteSwiftPackageReference "swift-markdown" */;
			productName = Markdown;
		};
		86D2426B2D8C150500A9831E /* LLMStream */ = {
			isa = XCSwiftPackageProductDependency;
			package = 86D2426A2D8C150500A9831E /* XCRemoteSwiftPackageReference "LLMStream" */;
			productName = LLMStream;
		};
		86F908902D7AF491008D8027 /* Highlightr */ = {
			isa = XCSwiftPackageProductDependency;
			package = 86F9088F2D7AF491008D8027 /* XCRemoteSwiftPackageReference "Highlightr" */;
			productName = Highlightr;
		};
		A782C1972D383493009976F8 /* FirebaseCrashlytics */ = {
			isa = XCSwiftPackageProductDependency;
			package = A782C1962D383493009976F8 /* XCRemoteSwiftPackageReference "firebase-ios-sdk" */;
			productName = FirebaseCrashlytics;
		};
/* End XCSwiftPackageProductDependency section */
	};
	rootObject = 2883E4AB2CA5ECBB00F79A48 /* Project object */;
}
