// !$*UTF8*$!
{
	archiveVersion = 1;
	classes = {
	};
	objectVersion = 77;
	objects = {

/* Begin PBXBuildFile section */
		280F35002CB9BF4300D60130 /* Sparkle in Frameworks */ = {isa = PBXBuildFile; productRef = 280F34FF2CB9BF4300D60130 /* Sparkle */; };
		282E9A1E2CD06218003F3617 /* MarkdownUI in Frameworks */ = {isa = PBXBuildFile; productRef = 282E9A1D2CD06218003F3617 /* MarkdownUI */; };
		2842875E2CD0B6A5000C6C67 /* HighlightSwift in Frameworks */ = {isa = PBXBuildFile; productRef = 2842875D2CD0B6A5000C6C67 /* HighlightSwift */; };
		28BF71682CAB72A200DE7C03 /* SageKit in Frameworks */ = {isa = PBXBuildFile; productRef = 28BF71672CAB72A200DE7C03 /* SageKit */; };
		28F57E222CAC84AA006AAA8C /* KeyboardShortcuts in Frameworks */ = {isa = PBXBuildFile; productRef = 28F57E212CAC84AA006AAA8C /* KeyboardShortcuts */; };
		28F57E292CAC9262006AAA8C /* MenuBarExtraAccess in Frameworks */ = {isa = PBXBuildFile; productRef = 28F57E282CAC9262006AAA8C /* MenuBarExtraAccess */; };
/* End PBXBuildFile section */

/* Begin PBXFileReference section */
		2883E4B32CA5ECBB00F79A48 /* Onit.app */ = {isa = PBXFileReference; explicitFileType = wrapper.application; includeInIndex = 0; path = Onit.app; sourceTree = BUILT_PRODUCTS_DIR; };
/* End PBXFileReference section */

/* Begin PBXFileSystemSynchronizedBuildFileExceptionSet section */
		28F57E1D2CAC7913006AAA8C /* Exceptions for "Onit" folder in "Onit" target */ = {
			isa = PBXFileSystemSynchronizedBuildFileExceptionSet;
			membershipExceptions = (
				Info.plist,
			);
			target = 2883E4B22CA5ECBB00F79A48 /* Onit */;
		};
/* End PBXFileSystemSynchronizedBuildFileExceptionSet section */

/* Begin PBXFileSystemSynchronizedRootGroup section */
		2883E4B52CA5ECBB00F79A48 /* Onit */ = {
			isa = PBXFileSystemSynchronizedRootGroup;
			exceptions = (
				28F57E1D2CAC7913006AAA8C /* Exceptions for "Onit" folder in "Onit" target */,
			);
			path = Onit;
			sourceTree = "<group>";
		};
/* End PBXFileSystemSynchronizedRootGroup section */

/* Begin PBXFrameworksBuildPhase section */
		2883E4B02CA5ECBB00F79A48 /* Frameworks */ = {
			isa = PBXFrameworksBuildPhase;
			buildActionMask = 2147483647;
			files = (
				28BF71682CAB72A200DE7C03 /* SageKit in Frameworks */,
				280F35002CB9BF4300D60130 /* Sparkle in Frameworks */,
				28F57E292CAC9262006AAA8C /* MenuBarExtraAccess in Frameworks */,
				2842875E2CD0B6A5000C6C67 /* HighlightSwift in Frameworks */,
				28F57E222CAC84AA006AAA8C /* KeyboardShortcuts in Frameworks */,
				282E9A1E2CD06218003F3617 /* MarkdownUI in Frameworks */,
			);
			runOnlyForDeploymentPostprocessing = 0;
		};
/* End PBXFrameworksBuildPhase section */

/* Begin PBXGroup section */
		2883E4AA2CA5ECBB00F79A48 = {
			isa = PBXGroup;
			children = (
				2883E4B52CA5ECBB00F79A48 /* Onit */,
				2883E4B42CA5ECBB00F79A48 /* Products */,
			);
			sourceTree = "<group>";
		};
		2883E4B42CA5ECBB00F79A48 /* Products */ = {
			isa = PBXGroup;
			children = (
				2883E4B32CA5ECBB00F79A48 /* Onit.app */,
			);
			name = Products;
			sourceTree = "<group>";
		};
/* End PBXGroup section */

/* Begin PBXNativeTarget section */
		2883E4B22CA5ECBB00F79A48 /* Onit */ = {
			isa = PBXNativeTarget;
			buildConfigurationList = 2883E4C22CA5ECBC00F79A48 /* Build configuration list for PBXNativeTarget "Onit" */;
			buildPhases = (
				2883E4AF2CA5ECBB00F79A48 /* Sources */,
				2883E4B02CA5ECBB00F79A48 /* Frameworks */,
				2883E4B12CA5ECBB00F79A48 /* Resources */,
			);
			buildRules = (
			);
			dependencies = (
			);
			fileSystemSynchronizedGroups = (
				2883E4B52CA5ECBB00F79A48 /* Onit */,
			);
			name = Onit;
			packageProductDependencies = (
				28BF71672CAB72A200DE7C03 /* SageKit */,
				28F57E212CAC84AA006AAA8C /* KeyboardShortcuts */,
				28F57E282CAC9262006AAA8C /* MenuBarExtraAccess */,
				280F34FF2CB9BF4300D60130 /* Sparkle */,
				282E9A1D2CD06218003F3617 /* MarkdownUI */,
				2842875D2CD0B6A5000C6C67 /* HighlightSwift */,
			);
			productName = Onit;
			productReference = 2883E4B32CA5ECBB00F79A48 /* Onit.app */;
			productType = "com.apple.product-type.application";
		};
/* End PBXNativeTarget section */

/* Begin PBXProject section */
		2883E4AB2CA5ECBB00F79A48 /* Project object */ = {
			isa = PBXProject;
			attributes = {
				BuildIndependentTargetsInParallel = 1;
				LastSwiftUpdateCheck = 1600;
				LastUpgradeCheck = 1600;
				TargetAttributes = {
					2883E4B22CA5ECBB00F79A48 = {
						CreatedOnToolsVersion = 16.0;
					};
				};
			};
			buildConfigurationList = 2883E4AE2CA5ECBB00F79A48 /* Build configuration list for PBXProject "Onit" */;
			developmentRegion = en;
			hasScannedForEncodings = 0;
			knownRegions = (
				en,
				Base,
			);
			mainGroup = 2883E4AA2CA5ECBB00F79A48;
			minimizedProjectReferenceProxies = 1;
			packageReferences = (
				28BF71662CAB72A200DE7C03 /* XCRemoteSwiftPackageReference "SageKit" */,
				28F57E202CAC84AA006AAA8C /* XCRemoteSwiftPackageReference "KeyboardShortcuts" */,
				28F57E272CAC9262006AAA8C /* XCRemoteSwiftPackageReference "MenuBarExtraAccess" */,
				280F34FE2CB9BF4300D60130 /* XCRemoteSwiftPackageReference "Sparkle" */,
				282E9A1C2CD06218003F3617 /* XCRemoteSwiftPackageReference "swift-markdown-ui" */,
				2842875C2CD0B6A5000C6C67 /* XCRemoteSwiftPackageReference "HighlightSwift" */,
			);
			preferredProjectObjectVersion = 77;
			productRefGroup = 2883E4B42CA5ECBB00F79A48 /* Products */;
			projectDirPath = "";
			projectRoot = "";
			targets = (
				2883E4B22CA5ECBB00F79A48 /* Onit */,
			);
		};
/* End PBXProject section */

/* Begin PBXResourcesBuildPhase section */
		2883E4B12CA5ECBB00F79A48 /* Resources */ = {
			isa = PBXResourcesBuildPhase;
			buildActionMask = 2147483647;
			files = (
			);
			runOnlyForDeploymentPostprocessing = 0;
		};
/* End PBXResourcesBuildPhase section */

/* Begin PBXSourcesBuildPhase section */
		2883E4AF2CA5ECBB00F79A48 /* Sources */ = {
			isa = PBXSourcesBuildPhase;
			buildActionMask = 2147483647;
			files = (
			);
			runOnlyForDeploymentPostprocessing = 0;
		};
/* End PBXSourcesBuildPhase section */

/* Begin XCBuildConfiguration section */
		2883E4C02CA5ECBC00F79A48 /* Debug */ = {
			isa = XCBuildConfiguration;
			buildSettings = {
				ALWAYS_SEARCH_USER_PATHS = NO;
				ASSETCATALOG_COMPILER_GENERATE_SWIFT_ASSET_SYMBOL_EXTENSIONS = YES;
				CLANG_ANALYZER_NONNULL = YES;
				CLANG_ANALYZER_NUMBER_OBJECT_CONVERSION = YES_AGGRESSIVE;
				CLANG_CXX_LANGUAGE_STANDARD = "gnu++20";
				CLANG_ENABLE_MODULES = YES;
				CLANG_ENABLE_OBJC_ARC = YES;
				CLANG_ENABLE_OBJC_WEAK = YES;
				CLANG_WARN_BLOCK_CAPTURE_AUTORELEASING = YES;
				CLANG_WARN_BOOL_CONVERSION = YES;
				CLANG_WARN_COMMA = YES;
				CLANG_WARN_CONSTANT_CONVERSION = YES;
				CLANG_WARN_DEPRECATED_OBJC_IMPLEMENTATIONS = YES;
				CLANG_WARN_DIRECT_OBJC_ISA_USAGE = YES_ERROR;
				CLANG_WARN_DOCUMENTATION_COMMENTS = YES;
				CLANG_WARN_EMPTY_BODY = YES;
				CLANG_WARN_ENUM_CONVERSION = YES;
				CLANG_WARN_INFINITE_RECURSION = YES;
				CLANG_WARN_INT_CONVERSION = YES;
				CLANG_WARN_NON_LITERAL_NULL_CONVERSION = YES;
				CLANG_WARN_OBJC_IMPLICIT_RETAIN_SELF = YES;
				CLANG_WARN_OBJC_LITERAL_CONVERSION = YES;
				CLANG_WARN_OBJC_ROOT_CLASS = YES_ERROR;
				CLANG_WARN_QUOTED_INCLUDE_IN_FRAMEWORK_HEADER = YES;
				CLANG_WARN_RANGE_LOOP_ANALYSIS = YES;
				CLANG_WARN_STRICT_PROTOTYPES = YES;
				CLANG_WARN_SUSPICIOUS_MOVE = YES;
				CLANG_WARN_UNGUARDED_AVAILABILITY = YES_AGGRESSIVE;
				CLANG_WARN_UNREACHABLE_CODE = YES;
				CLANG_WARN__DUPLICATE_METHOD_MATCH = YES;
				COPY_PHASE_STRIP = NO;
				DEBUG_INFORMATION_FORMAT = dwarf;
				ENABLE_STRICT_OBJC_MSGSEND = YES;
				ENABLE_TESTABILITY = YES;
				ENABLE_USER_SCRIPT_SANDBOXING = YES;
				GCC_C_LANGUAGE_STANDARD = gnu17;
				GCC_DYNAMIC_NO_PIC = NO;
				GCC_NO_COMMON_BLOCKS = YES;
				GCC_OPTIMIZATION_LEVEL = 0;
				GCC_PREPROCESSOR_DEFINITIONS = (
					"DEBUG=1",
					"$(inherited)",
				);
				GCC_WARN_64_TO_32_BIT_CONVERSION = YES;
				GCC_WARN_ABOUT_RETURN_TYPE = YES_ERROR;
				GCC_WARN_UNDECLARED_SELECTOR = YES;
				GCC_WARN_UNINITIALIZED_AUTOS = YES_AGGRESSIVE;
				GCC_WARN_UNUSED_FUNCTION = YES;
				GCC_WARN_UNUSED_VARIABLE = YES;
				LOCALIZATION_PREFERS_STRING_CATALOGS = YES;
				MACOSX_DEPLOYMENT_TARGET = 15.0;
				MTL_ENABLE_DEBUG_INFO = INCLUDE_SOURCE;
				MTL_FAST_MATH = YES;
				ONLY_ACTIVE_ARCH = YES;
				SDKROOT = macosx;
				SWIFT_ACTIVE_COMPILATION_CONDITIONS = "DEBUG $(inherited)";
				SWIFT_OPTIMIZATION_LEVEL = "-Onone";
			};
			name = Debug;
		};
		2883E4C12CA5ECBC00F79A48 /* Release */ = {
			isa = XCBuildConfiguration;
			buildSettings = {
				ALWAYS_SEARCH_USER_PATHS = NO;
				ASSETCATALOG_COMPILER_GENERATE_SWIFT_ASSET_SYMBOL_EXTENSIONS = YES;
				CLANG_ANALYZER_NONNULL = YES;
				CLANG_ANALYZER_NUMBER_OBJECT_CONVERSION = YES_AGGRESSIVE;
				CLANG_CXX_LANGUAGE_STANDARD = "gnu++20";
				CLANG_ENABLE_MODULES = YES;
				CLANG_ENABLE_OBJC_ARC = YES;
				CLANG_ENABLE_OBJC_WEAK = YES;
				CLANG_WARN_BLOCK_CAPTURE_AUTORELEASING = YES;
				CLANG_WARN_BOOL_CONVERSION = YES;
				CLANG_WARN_COMMA = YES;
				CLANG_WARN_CONSTANT_CONVERSION = YES;
				CLANG_WARN_DEPRECATED_OBJC_IMPLEMENTATIONS = YES;
				CLANG_WARN_DIRECT_OBJC_ISA_USAGE = YES_ERROR;
				CLANG_WARN_DOCUMENTATION_COMMENTS = YES;
				CLANG_WARN_EMPTY_BODY = YES;
				CLANG_WARN_ENUM_CONVERSION = YES;
				CLANG_WARN_INFINITE_RECURSION = YES;
				CLANG_WARN_INT_CONVERSION = YES;
				CLANG_WARN_NON_LITERAL_NULL_CONVERSION = YES;
				CLANG_WARN_OBJC_IMPLICIT_RETAIN_SELF = YES;
				CLANG_WARN_OBJC_LITERAL_CONVERSION = YES;
				CLANG_WARN_OBJC_ROOT_CLASS = YES_ERROR;
				CLANG_WARN_QUOTED_INCLUDE_IN_FRAMEWORK_HEADER = YES;
				CLANG_WARN_RANGE_LOOP_ANALYSIS = YES;
				CLANG_WARN_STRICT_PROTOTYPES = YES;
				CLANG_WARN_SUSPICIOUS_MOVE = YES;
				CLANG_WARN_UNGUARDED_AVAILABILITY = YES_AGGRESSIVE;
				CLANG_WARN_UNREACHABLE_CODE = YES;
				CLANG_WARN__DUPLICATE_METHOD_MATCH = YES;
				COPY_PHASE_STRIP = NO;
				DEBUG_INFORMATION_FORMAT = "dwarf-with-dsym";
				ENABLE_NS_ASSERTIONS = NO;
				ENABLE_STRICT_OBJC_MSGSEND = YES;
				ENABLE_USER_SCRIPT_SANDBOXING = YES;
				GCC_C_LANGUAGE_STANDARD = gnu17;
				GCC_NO_COMMON_BLOCKS = YES;
				GCC_WARN_64_TO_32_BIT_CONVERSION = YES;
				GCC_WARN_ABOUT_RETURN_TYPE = YES_ERROR;
				GCC_WARN_UNDECLARED_SELECTOR = YES;
				GCC_WARN_UNINITIALIZED_AUTOS = YES_AGGRESSIVE;
				GCC_WARN_UNUSED_FUNCTION = YES;
				GCC_WARN_UNUSED_VARIABLE = YES;
				LOCALIZATION_PREFERS_STRING_CATALOGS = YES;
				MACOSX_DEPLOYMENT_TARGET = 15.0;
				MTL_ENABLE_DEBUG_INFO = NO;
				MTL_FAST_MATH = YES;
				SDKROOT = macosx;
				SWIFT_COMPILATION_MODE = wholemodule;
			};
			name = Release;
		};
		2883E4C32CA5ECBC00F79A48 /* Debug */ = {
			isa = XCBuildConfiguration;
			buildSettings = {
				ASSETCATALOG_COMPILER_APPICON_NAME = AppIcon;
				ASSETCATALOG_COMPILER_GLOBAL_ACCENT_COLOR_NAME = AccentColor;
				CODE_SIGN_ENTITLEMENTS = Onit/Onit.entitlements;
				"CODE_SIGN_IDENTITY[sdk=macosx*]" = "Apple Development";
				CODE_SIGN_STYLE = Automatic;
				COMBINE_HIDPI_IMAGES = YES;
				CURRENT_PROJECT_VERSION = 11;
				DEVELOPMENT_ASSET_PATHS = "\"Onit/Preview Content\"";
				DEVELOPMENT_TEAM = GA42SWSGPU;
				ENABLE_HARDENED_RUNTIME = YES;
				ENABLE_PREVIEWS = YES;
				GENERATE_INFOPLIST_FILE = NO;
				INFOPLIST_FILE = ./Onit/Info.plist;
				INFOPLIST_KEY_NSHumanReadableCopyright = "";
				LD_RUNPATH_SEARCH_PATHS = (
					"$(inherited)",
					"@executable_path/../Frameworks",
				);
				MACOSX_DEPLOYMENT_TARGET = 14.0;
				MARKETING_VERSION = 0.1.1;
				PRODUCT_BUNDLE_IDENTIFIER = inc.synth.Onit;
				PRODUCT_NAME = "$(TARGET_NAME)";
				SWIFT_EMIT_LOC_STRINGS = YES;
				SWIFT_STRICT_CONCURRENCY = complete;
				SWIFT_VERSION = 6.0;
			};
			name = Debug;
		};
		2883E4C42CA5ECBC00F79A48 /* Release */ = {
			isa = XCBuildConfiguration;
			buildSettings = {
				ASSETCATALOG_COMPILER_APPICON_NAME = AppIcon;
				ASSETCATALOG_COMPILER_GLOBAL_ACCENT_COLOR_NAME = AccentColor;
				CODE_SIGN_ENTITLEMENTS = Onit/Onit.entitlements;
				"CODE_SIGN_IDENTITY[sdk=macosx*]" = "Apple Development";
				CODE_SIGN_STYLE = Automatic;
				COMBINE_HIDPI_IMAGES = YES;
				CURRENT_PROJECT_VERSION = 11;
				DEVELOPMENT_ASSET_PATHS = "\"Onit/Preview Content\"";
				DEVELOPMENT_TEAM = GA42SWSGPU;
				ENABLE_HARDENED_RUNTIME = YES;
				ENABLE_PREVIEWS = YES;
				GENERATE_INFOPLIST_FILE = NO;
				INFOPLIST_FILE = ./Onit/Info.plist;
				INFOPLIST_KEY_NSHumanReadableCopyright = "";
				LD_RUNPATH_SEARCH_PATHS = (
					"$(inherited)",
					"@executable_path/../Frameworks",
				);
				MACOSX_DEPLOYMENT_TARGET = 14.0;
				MARKETING_VERSION = 0.1.1;
				PRODUCT_BUNDLE_IDENTIFIER = inc.synth.Onit;
				PRODUCT_NAME = "$(TARGET_NAME)";
				SWIFT_EMIT_LOC_STRINGS = YES;
				SWIFT_STRICT_CONCURRENCY = complete;
				SWIFT_VERSION = 6.0;
			};
			name = Release;
		};
/* End XCBuildConfiguration section */

/* Begin XCConfigurationList section */
		2883E4AE2CA5ECBB00F79A48 /* Build configuration list for PBXProject "Onit" */ = {
			isa = XCConfigurationList;
			buildConfigurations = (
				2883E4C02CA5ECBC00F79A48 /* Debug */,
				2883E4C12CA5ECBC00F79A48 /* Release */,
			);
			defaultConfigurationIsVisible = 0;
			defaultConfigurationName = Release;
		};
		2883E4C22CA5ECBC00F79A48 /* Build configuration list for PBXNativeTarget "Onit" */ = {
			isa = XCConfigurationList;
			buildConfigurations = (
				2883E4C32CA5ECBC00F79A48 /* Debug */,
				2883E4C42CA5ECBC00F79A48 /* Release */,
			);
			defaultConfigurationIsVisible = 0;
			defaultConfigurationName = Release;
		};
/* End XCConfigurationList section */

/* Begin XCRemoteSwiftPackageReference section */
		280F34FE2CB9BF4300D60130 /* XCRemoteSwiftPackageReference "Sparkle" */ = {
			isa = XCRemoteSwiftPackageReference;
			repositoryURL = "https://github.com/sparkle-project/Sparkle";
			requirement = {
				kind = upToNextMajorVersion;
				minimumVersion = 2.6.4;
			};
		};
		282E9A1C2CD06218003F3617 /* XCRemoteSwiftPackageReference "swift-markdown-ui" */ = {
			isa = XCRemoteSwiftPackageReference;
			repositoryURL = "https://github.com/gonzalezreal/swift-markdown-ui";
			requirement = {
				kind = upToNextMajorVersion;
				minimumVersion = 2.4.1;
			};
		};
		2842875C2CD0B6A5000C6C67 /* XCRemoteSwiftPackageReference "HighlightSwift" */ = {
			isa = XCRemoteSwiftPackageReference;
			repositoryURL = "https://github.com/blsage/HighlightSwift";
			requirement = {
				branch = main;
				kind = branch;
			};
		};
		28BF71662CAB72A200DE7C03 /* XCRemoteSwiftPackageReference "SageKit" */ = {
			isa = XCRemoteSwiftPackageReference;
			repositoryURL = "https://github.com/blsage/SageKit";
			requirement = {
				kind = upToNextMajorVersion;
				minimumVersion = 0.0.1;
			};
		};
		28F57E202CAC84AA006AAA8C /* XCRemoteSwiftPackageReference "KeyboardShortcuts" */ = {
			isa = XCRemoteSwiftPackageReference;
			repositoryURL = "https://github.com/sindresorhus/KeyboardShortcuts";
			requirement = {
				kind = upToNextMajorVersion;
				minimumVersion = 2.1.0;
			};
		};
		28F57E272CAC9262006AAA8C /* XCRemoteSwiftPackageReference "MenuBarExtraAccess" */ = {
			isa = XCRemoteSwiftPackageReference;
			repositoryURL = "https://github.com/orchetect/MenuBarExtraAccess";
			requirement = {
				kind = upToNextMajorVersion;
				minimumVersion = 1.0.5;
			};
		};
/* End XCRemoteSwiftPackageReference section */

/* Begin XCSwiftPackageProductDependency section */
		280F34FF2CB9BF4300D60130 /* Sparkle */ = {
			isa = XCSwiftPackageProductDependency;
			package = 280F34FE2CB9BF4300D60130 /* XCRemoteSwiftPackageReference "Sparkle" */;
			productName = Sparkle;
		};
		282E9A1D2CD06218003F3617 /* MarkdownUI */ = {
			isa = XCSwiftPackageProductDependency;
			package = 282E9A1C2CD06218003F3617 /* XCRemoteSwiftPackageReference "swift-markdown-ui" */;
			productName = MarkdownUI;
		};
		2842875D2CD0B6A5000C6C67 /* HighlightSwift */ = {
			isa = XCSwiftPackageProductDependency;
			package = 2842875C2CD0B6A5000C6C67 /* XCRemoteSwiftPackageReference "HighlightSwift" */;
			productName = HighlightSwift;
		};
		28BF71672CAB72A200DE7C03 /* SageKit */ = {
			isa = XCSwiftPackageProductDependency;
			package = 28BF71662CAB72A200DE7C03 /* XCRemoteSwiftPackageReference "SageKit" */;
			productName = SageKit;
		};
		28F57E212CAC84AA006AAA8C /* KeyboardShortcuts */ = {
			isa = XCSwiftPackageProductDependency;
			package = 28F57E202CAC84AA006AAA8C /* XCRemoteSwiftPackageReference "KeyboardShortcuts" */;
			productName = KeyboardShortcuts;
		};
		28F57E282CAC9262006AAA8C /* MenuBarExtraAccess */ = {
			isa = XCSwiftPackageProductDependency;
			package = 28F57E272CAC9262006AAA8C /* XCRemoteSwiftPackageReference "MenuBarExtraAccess" */;
			productName = MenuBarExtraAccess;
		};
/* End XCSwiftPackageProductDependency section */
	};
	rootObject = 2883E4AB2CA5ECBB00F79A48 /* Project object */;
}
