{
  "originHash" : "dc367781894737da7ca5eeada5a6574e21104842dc356335690c3f4024b92536",
  "pins" : [
    {
      "identity" : "keyboardshortcuts",
      "kind" : "remoteSourceControl",
      "location" : "https://github.com/sindresorhus/KeyboardShortcuts",
      "state" : {
        "revision" : "9369a045a72a5296150879781321aecd228171db",
        "version" : "2.1.0"
      }
    },
    {
      "identity" : "menubarextraaccess",
      "kind" : "remoteSourceControl",
      "location" : "https://github.com/orchetect/MenuBarExtraAccess",
      "state" : {
        "revision" : "f5896b47e15e114975897354c7e1082c51a2bffd",
        "version" : "1.0.5"
      }
    },
    {
      "identity" : "sagekit",
      "kind" : "remoteSourceControl",
      "location" : "https://github.com/blsage/SageKit",
      "state" : {
        "revision" : "4c387ef08c93caf7d36ae3cc228d7169c439166b",
        "version" : "0.0.1"
      }
    }
  ],
  "version" : 3
}
