{
  "originHash" : "5d530f9836fea3e3eb9603cd609660e70a7094bcbe6f7520921d1eb12899642e",
  "pins" : [
    {
      "identity" : "keyboardshortcuts",
      "kind" : "remoteSourceControl",
      "location" : "https://github.com/sindresorhus/KeyboardShortcuts",
      "state" : {
        "revision" : "9369a045a72a5296150879781321aecd228171db",
        "version" : "2.1.0"
      }
    },
    {
      "identity" : "menubarextraaccess",
      "kind" : "remoteSourceControl",
      "location" : "https://github.com/orchetect/MenuBarExtraAccess",
      "state" : {
        "revision" : "ada1c2d437272db0f25efc92337a624b69dd7713",
        "version" : "1.1.1"
      }
    },
    {
      "identity" : "sagekit",
      "kind" : "remoteSourceControl",
      "location" : "https://github.com/blsage/SageKit",
      "state" : {
        "revision" : "4c387ef08c93caf7d36ae3cc228d7169c439166b",
        "version" : "0.0.1"
      }
    }
  ],
  "version" : 3
}
