{
  "originHash" : "c762494397b2ccb6707208ae7f3e96ccd72ef6e7565c358d781fbfc7c6775e58",
  "pins" : [
    {
      "identity" : "keyboardshortcuts",
      "kind" : "remoteSourceControl",
      "location" : "https://github.com/sindresorhus/KeyboardShortcuts",
      "state" : {
        "revision" : "9369a045a72a5296150879781321aecd228171db",
        "version" : "2.1.0"
      }
    },
    {
      "identity" : "menubarextraaccess",
      "kind" : "remoteSourceControl",
      "location" : "https://github.com/orchetect/MenuBarExtraAccess",
      "state" : {
        "revision" : "ada1c2d437272db0f25efc92337a624b69dd7713",
        "version" : "1.1.1"
      }
    },
    {
      "identity" : "sagekit",
      "kind" : "remoteSourceControl",
      "location" : "https://github.com/blsage/SageKit",
      "state" : {
        "revision" : "4c387ef08c93caf7d36ae3cc228d7169c439166b",
        "version" : "0.0.1"
      }
    },
    {
      "identity" : "sparkle",
      "kind" : "remoteSourceControl",
      "location" : "https://github.com/sparkle-project/Sparkle",
      "state" : {
        "revision" : "0ef1ee0220239b3776f433314515fd849025673f",
        "version" : "2.6.4"
      }
    }
  ],
  "version" : 3
}
